
Microsoft Visual Studio Solution File, Format Version 12.00
# Visual Studio Version 17
VisualStudioVersion = 17.11.35222.181
MinimumVisualStudioVersion = 10.0.40219.1
Project("{9A19103F-16F7-4668-BE54-9A1E7A4F7556}") = "WorkExperienceOct2024.Server", "WorkExperienceOct2024.Server\WorkExperienceOct2024.Server.csproj", "{2DD3AAAF-5BD6-4CC7-85A5-4DBFF8D7D1B2}"
EndProject
Project("{9A19103F-16F7-4668-BE54-9A1E7A4F7556}") = "WorkExperienceOct2024.Client", "WorkExperienceOct2024.Client\WorkExperienceOct2024.Client.csproj", "{D2B0C355-1145-4EC9-A065-D4EC887CCD9A}"
EndProject
Global
	GlobalSection(SolutionConfigurationPlatforms) = preSolution
		Debug|Any CPU = Debug|Any CPU
		Release|Any CPU = Release|Any CPU
	EndGlobalSection
	GlobalSection(ProjectConfigurationPlatforms) = postSolution
		{2DD3AAAF-5BD6-4CC7-85A5-4DBFF8D7D1B2}.Debug|Any CPU.ActiveCfg = Debug|Any CPU
		{2DD3AAAF-5BD6-4CC7-85A5-4DBFF8D7D1B2}.Debug|Any CPU.Build.0 = Debug|Any CPU
		{2DD3AAAF-5BD6-4CC7-85A5-4DBFF8D7D1B2}.Release|Any CPU.ActiveCfg = Release|Any CPU
		{2DD3AAAF-5BD6-4CC7-85A5-4DBFF8D7D1B2}.Release|Any CPU.Build.0 = Release|Any CPU
		{D2B0C355-1145-4EC9-A065-D4EC887CCD9A}.Debug|Any CPU.ActiveCfg = Debug|Any CPU
		{D2B0C355-1145-4EC9-A065-D4EC887CCD9A}.Debug|Any CPU.Build.0 = Debug|Any CPU
		{D2B0C355-1145-4EC9-A065-D4EC887CCD9A}.Release|Any CPU.ActiveCfg = Release|Any CPU
		{D2B0C355-1145-4EC9-A065-D4EC887CCD9A}.Release|Any CPU.Build.0 = Release|Any CPU
	EndGlobalSection
	GlobalSection(SolutionProperties) = preSolution
		HideSolutionNode = FALSE
	EndGlobalSection
	GlobalSection(ExtensibilityGlobals) = postSolution
		SolutionGuid = {49C2D0A8-03F2-4DE2-A14F-0D3464BF079C}
	EndGlobalSection
EndGlobal
